<?xml version="1.0" encoding="utf-8"?>
<Project ToolsVersion="4.0" xmlns="http://schemas.microsoft.com/developer/msbuild/2003">
  <ItemGroup>
    <Filter Include="Source Files">
      <UniqueIdentifier>{4FC737F1-C7A5-4376-A066-2A32D752A2FF}</UniqueIdentifier>
      <Extensions>cpp;c;cc;cxx;def;odl;idl;hpj;bat;asm;asmx</Extensions>
    </Filter>
    <Filter Include="Resource Files">
      <UniqueIdentifier>{D9D6E242-F8AF-46E4-B9FD-80ECBC20BA3E}</UniqueIdentifier>
      <Extensions>qrc;*</Extensions>
      <ParseFiles>false</ParseFiles>
    </Filter>
    <Filter Include="Resource Files">
      <UniqueIdentifier>{D9D6E242-F8AF-46E4-B9FD-80ECBC20BA3E}</UniqueIdentifier>
      <Extensions>qrc;*</Extensions>
      <ParseFiles>false</ParseFiles>
    </Filter>
    <Filter Include="Generated Files">
      <UniqueIdentifier>{71ED8ED8-ACB9-4CE9-BBE1-E00B30144E11}</UniqueIdentifier>
      <Extensions>moc;h;cpp</Extensions>
      <SourceControlFiles>False</SourceControlFiles>
    </Filter>
    <Filter Include="Source Files\entity">
      <UniqueIdentifier>{5eff9901-fa7a-4a82-b61e-c84807a545cd}</UniqueIdentifier>
    </Filter>
    <Filter Include="Source Files\dao">
      <UniqueIdentifier>{0001acd5-b36a-41a3-a2c3-1b63e323a030}</UniqueIdentifier>
    </Filter>
    <Filter Include="Header Files">
      <UniqueIdentifier>{93995380-89BD-4b04-88EB-625FBE52EBFB}</UniqueIdentifier>
      <Extensions>h;hh;hpp;hxx;hm;inl;inc;xsd</Extensions>
      <ParseFiles>true</ParseFiles>
    </Filter>
    <Filter Include="Source Files\filter">
      <UniqueIdentifier>{9956a8fa-fe5e-4e40-b6cb-caf6a08ffacb}</UniqueIdentifier>
    </Filter>
  </ItemGroup>
  <ItemGroup>
    <ClInclude Include="entity\operator.h">
      <Filter>Source Files\entity</Filter>
    </ClInclude>
    <ClInclude Include="dao\operatordao.h">
      <Filter>Source Files\dao</Filter>
    </ClInclude>
    <ClInclude Include="dbconnection.h">
      <Filter>Source Files</Filter>
    </ClInclude>
    <ClInclude Include="errors.h">
      <Filter>Source Files</Filter>
    </ClInclude>
    <ClInclude Include="rdao_global.h">
      <Filter>Source Files</Filter>
    </ClInclude>
    <ClInclude Include="entity\instrument.h">
      <Filter>Source Files\entity</Filter>
    </ClInclude>
    <ClInclude Include="entity\package.h">
      <Filter>Source Files\entity</Filter>
    </ClInclude>
    <ClInclude Include="entity\enums.h">
      <Filter>Source Files\entity</Filter>
    </ClInclude>
    <ClInclude Include="entity\department.h">
      <Filter>Source Files\entity</Filter>
    </ClInclude>
    <ClInclude Include="entity\device.h">
      <Filter>Source Files\entity</Filter>
    </ClInclude>
    <ClInclude Include="debugsqlquery.h">
      <Filter>Source Files</Filter>
    </ClInclude>
    <ClInclude Include="dao\devicedao.h">
      <Filter>Source Files\dao</Filter>
    </ClInclude>
    <ClInclude Include="dao\instrumentdao.h">
      <Filter>Source Files\dao</Filter>
    </ClInclude>
    <ClInclude Include="dao\packagedao.h">
      <Filter>Source Files\dao</Filter>
    </ClInclude>
    <ClInclude Include="dao\deptdao.h">
      <Filter>Source Files\dao</Filter>
    </ClInclude>
    <ClInclude Include="dao\flowdao.h">
      <Filter>Source Files\dao</Filter>
    </ClInclude>
    <ClInclude Include="dao\daoutil.h">
      <Filter>Source Files\dao</Filter>
    </ClInclude>
    <ClInclude Include="entity\surgery.h">
      <Filter>Source Files\entity</Filter>
    </ClInclude>
    <ClInclude Include="dao\surgerydao.h">
      <Filter>Source Files\dao</Filter>
    </ClInclude>
    <ClInclude Include="filter\packagetypefilter.h">
      <Filter>Source Files\filter</Filter>
    </ClInclude>
    <ClInclude Include="entity\trace.h">
      <Filter>Source Files\entity</Filter>
    </ClInclude>
    <ClInclude Include="dao\tracedao.h">
      <Filter>Source Files\dao</Filter>
    </ClInclude>
    <ClInclude Include="dao\recalldao.h">
      <Filter>Source Files\dao</Filter>
    </ClInclude>
    <ClInclude Include="entity\recall.h">
      <Filter>Source Files\entity</Filter>
    </ClInclude>
    <ClInclude Include="dao\verdao.h">
      <Filter>Source Files\dao</Filter>
    </ClInclude>
    <ClInclude Include="dao\historydao.h">
      <Filter>Source Files\dao</Filter>
    </ClInclude>
    <ClInclude Include="entity\history.h">
      <Filter>Source Files\entity</Filter>
    </ClInclude>
  </ItemGroup>
  <ItemGroup>
    <ClCompile Include="dbconnection.cpp">
      <Filter>Source Files</Filter>
    </ClCompile>
    <ClCompile Include="dao\operatordao.cpp">
      <Filter>Source Files\dao</Filter>
    </ClCompile>
    <ClCompile Include="debugsqlquery.cpp">
      <Filter>Source Files</Filter>
    </ClCompile>
    <ClCompile Include="dao\devicedao.cpp">
      <Filter>Source Files\dao</Filter>
    </ClCompile>
    <ClCompile Include="dao\instrumentdao.cpp">
      <Filter>Source Files\dao</Filter>
    </ClCompile>
    <ClCompile Include="dao\packagedao.cpp">
      <Filter>Source Files\dao</Filter>
    </ClCompile>
    <ClCompile Include="dao\deptdao.cpp">
      <Filter>Source Files\dao</Filter>
    </ClCompile>
    <ClCompile Include="dao\flowdao.cpp">
      <Filter>Source Files\dao</Filter>
    </ClCompile>
    <ClCompile Include="dao\daoutil.cpp">
      <Filter>Source Files\dao</Filter>
    </ClCompile>
    <ClCompile Include="dao\surgerydao.cpp">
      <Filter>Source Files\dao</Filter>
    </ClCompile>
    <ClCompile Include="filter\packagetypefilter.cpp">
      <Filter>Source Files\filter</Filter>
    </ClCompile>
    <ClCompile Include="dao\tracedao.cpp">
      <Filter>Source Files\dao</Filter>
    </ClCompile>
    <ClCompile Include="dao\recalldao.cpp">
      <Filter>Source Files\dao</Filter>
    </ClCompile>
    <ClCompile Include="dao\verdao.cpp">
      <Filter>Source Files\dao</Filter>
    </ClCompile>
    <ClCompile Include="dao\historydao.cpp">
      <Filter>Source Files\dao</Filter>
    </ClCompile>
  </ItemGroup>
</Project>