
Microsoft Visual Studio Solution File, Format Version 12.00
# Visual Studio 15
VisualStudioVersion = 15.0.27703.2035
MinimumVisualStudioVersion = 10.0.40219.1
Project("{8BC9CEB8-8B4A-11D0-8D11-00A0C91BC942}") = "hidapi", "libs\thirdparty\hidapi\hidapi.vcxproj", "{C1D2D6BF-CDF7-4BF1-8356-75E07AA0E303}"
EndProject
Project("{8BC9CEB8-8B4A-11D0-8D11-00A0C91BC942}") = "printer", "libs\printer\printer.vcxproj", "{727D954D-244E-4DA5-9C68-2EA91DA502B2}"
EndProject
Project("{8BC9CEB8-8B4A-11D0-8D11-00A0C91BC942}") = "itrac", "app\itrac\itrac.vcxproj", "{B12702AD-ABFB-343A-A199-8E24837244A3}"
	ProjectSection(ProjectDependencies) = postProject
		{BFBC0412-0355-479E-9F89-4FB0509EE8FC} = {BFBC0412-0355-479E-9F89-4FB0509EE8FC}
		{DA517523-296E-4A41-9E65-6D35FD0DEF46} = {DA517523-296E-4A41-9E65-6D35FD0DEF46}
		{727D954D-244E-4DA5-9C68-2EA91DA502B2} = {727D954D-244E-4DA5-9C68-2EA91DA502B2}
		{52B5F1C7-7C33-4BF3-9377-560555BB6969} = {52B5F1C7-7C33-4BF3-9377-560555BB6969}
		{9F9E6AEC-2542-49CC-A1D4-28283EB35BEC} = {9F9E6AEC-2542-49CC-A1D4-28283EB35BEC}
	EndProjectSection
EndProject
Project("{8BC9CEB8-8B4A-11D0-8D11-00A0C91BC942}") = "qjson", "libs\thirdparty\qjson\qjson.vcxproj", "{9F9E6AEC-2542-49CC-A1D4-28283EB35BEC}"
EndProject
Project("{8BC9CEB8-8B4A-11D0-8D11-00A0C91BC942}") = "qscanner", "libs\qscanner\qscanner.vcxproj", "{52B5F1C7-7C33-4BF3-9377-560555BB6969}"
	ProjectSection(ProjectDependencies) = postProject
		{C1D2D6BF-CDF7-4BF1-8356-75E07AA0E303} = {C1D2D6BF-CDF7-4BF1-8356-75E07AA0E303}
	EndProjectSection
EndProject
Project("{8BC9CEB8-8B4A-11D0-8D11-00A0C91BC942}") = "xernel", "libs\xernel\xernel.vcxproj", "{BFBC0412-0355-479E-9F89-4FB0509EE8FC}"
EndProject
Project("{8BC9CEB8-8B4A-11D0-8D11-00A0C91BC942}") = "xui", "libs\xui\xui.vcxproj", "{DA517523-296E-4A41-9E65-6D35FD0DEF46}"
EndProject
Global
	GlobalSection(SolutionConfigurationPlatforms) = preSolution
		Debug|x64 = Debug|x64
		Debug|x86 = Debug|x86
		MinSizeRel|x64 = MinSizeRel|x64
		MinSizeRel|x86 = MinSizeRel|x86
		Release|x64 = Release|x64
		Release|x86 = Release|x86
		RelWithDebInfo|x64 = RelWithDebInfo|x64
		RelWithDebInfo|x86 = RelWithDebInfo|x86
	EndGlobalSection
	GlobalSection(ProjectConfigurationPlatforms) = postSolution
		{C1D2D6BF-CDF7-4BF1-8356-75E07AA0E303}.Debug|x64.ActiveCfg = Debug|x64
		{C1D2D6BF-CDF7-4BF1-8356-75E07AA0E303}.Debug|x64.Build.0 = Debug|x64
		{C1D2D6BF-CDF7-4BF1-8356-75E07AA0E303}.Debug|x86.ActiveCfg = Debug|Win32
		{C1D2D6BF-CDF7-4BF1-8356-75E07AA0E303}.Debug|x86.Build.0 = Debug|Win32
		{C1D2D6BF-CDF7-4BF1-8356-75E07AA0E303}.MinSizeRel|x64.ActiveCfg = Release|x64
		{C1D2D6BF-CDF7-4BF1-8356-75E07AA0E303}.MinSizeRel|x64.Build.0 = Release|x64
		{C1D2D6BF-CDF7-4BF1-8356-75E07AA0E303}.MinSizeRel|x86.ActiveCfg = Release|Win32
		{C1D2D6BF-CDF7-4BF1-8356-75E07AA0E303}.MinSizeRel|x86.Build.0 = Release|Win32
		{C1D2D6BF-CDF7-4BF1-8356-75E07AA0E303}.Release|x64.ActiveCfg = Release|x64
		{C1D2D6BF-CDF7-4BF1-8356-75E07AA0E303}.Release|x64.Build.0 = Release|x64
		{C1D2D6BF-CDF7-4BF1-8356-75E07AA0E303}.Release|x86.ActiveCfg = Release|Win32
		{C1D2D6BF-CDF7-4BF1-8356-75E07AA0E303}.Release|x86.Build.0 = Release|Win32
		{C1D2D6BF-CDF7-4BF1-8356-75E07AA0E303}.RelWithDebInfo|x64.ActiveCfg = Release|x64
		{C1D2D6BF-CDF7-4BF1-8356-75E07AA0E303}.RelWithDebInfo|x64.Build.0 = Release|x64
		{C1D2D6BF-CDF7-4BF1-8356-75E07AA0E303}.RelWithDebInfo|x86.ActiveCfg = Release|Win32
		{C1D2D6BF-CDF7-4BF1-8356-75E07AA0E303}.RelWithDebInfo|x86.Build.0 = Release|Win32
		{727D954D-244E-4DA5-9C68-2EA91DA502B2}.Debug|x64.ActiveCfg = Debug|x64
		{727D954D-244E-4DA5-9C68-2EA91DA502B2}.Debug|x64.Build.0 = Debug|x64
		{727D954D-244E-4DA5-9C68-2EA91DA502B2}.Debug|x86.ActiveCfg = Debug|Win32
		{727D954D-244E-4DA5-9C68-2EA91DA502B2}.Debug|x86.Build.0 = Debug|Win32
		{727D954D-244E-4DA5-9C68-2EA91DA502B2}.MinSizeRel|x64.ActiveCfg = Release|x64
		{727D954D-244E-4DA5-9C68-2EA91DA502B2}.MinSizeRel|x64.Build.0 = Release|x64
		{727D954D-244E-4DA5-9C68-2EA91DA502B2}.MinSizeRel|x86.ActiveCfg = Release|Win32
		{727D954D-244E-4DA5-9C68-2EA91DA502B2}.MinSizeRel|x86.Build.0 = Release|Win32
		{727D954D-244E-4DA5-9C68-2EA91DA502B2}.Release|x64.ActiveCfg = Release|x64
		{727D954D-244E-4DA5-9C68-2EA91DA502B2}.Release|x64.Build.0 = Release|x64
		{727D954D-244E-4DA5-9C68-2EA91DA502B2}.Release|x86.ActiveCfg = Release|Win32
		{727D954D-244E-4DA5-9C68-2EA91DA502B2}.Release|x86.Build.0 = Release|Win32
		{727D954D-244E-4DA5-9C68-2EA91DA502B2}.RelWithDebInfo|x64.ActiveCfg = Release|x64
		{727D954D-244E-4DA5-9C68-2EA91DA502B2}.RelWithDebInfo|x64.Build.0 = Release|x64
		{727D954D-244E-4DA5-9C68-2EA91DA502B2}.RelWithDebInfo|x86.ActiveCfg = Release|Win32
		{727D954D-244E-4DA5-9C68-2EA91DA502B2}.RelWithDebInfo|x86.Build.0 = Release|Win32
		{B12702AD-ABFB-343A-A199-8E24837244A3}.Debug|x64.ActiveCfg = Debug|x64
		{B12702AD-ABFB-343A-A199-8E24837244A3}.Debug|x64.Build.0 = Debug|x64
		{B12702AD-ABFB-343A-A199-8E24837244A3}.Debug|x86.ActiveCfg = Debug|Win32
		{B12702AD-ABFB-343A-A199-8E24837244A3}.Debug|x86.Build.0 = Debug|Win32
		{B12702AD-ABFB-343A-A199-8E24837244A3}.MinSizeRel|x64.ActiveCfg = Release|x64
		{B12702AD-ABFB-343A-A199-8E24837244A3}.MinSizeRel|x64.Build.0 = Release|x64
		{B12702AD-ABFB-343A-A199-8E24837244A3}.MinSizeRel|x86.ActiveCfg = Release|Win32
		{B12702AD-ABFB-343A-A199-8E24837244A3}.MinSizeRel|x86.Build.0 = Release|Win32
		{B12702AD-ABFB-343A-A199-8E24837244A3}.Release|x64.ActiveCfg = Release|x64
		{B12702AD-ABFB-343A-A199-8E24837244A3}.Release|x64.Build.0 = Release|x64
		{B12702AD-ABFB-343A-A199-8E24837244A3}.Release|x86.ActiveCfg = Release|Win32
		{B12702AD-ABFB-343A-A199-8E24837244A3}.Release|x86.Build.0 = Release|Win32
		{B12702AD-ABFB-343A-A199-8E24837244A3}.RelWithDebInfo|x64.ActiveCfg = Release|x64
		{B12702AD-ABFB-343A-A199-8E24837244A3}.RelWithDebInfo|x64.Build.0 = Release|x64
		{B12702AD-ABFB-343A-A199-8E24837244A3}.RelWithDebInfo|x86.ActiveCfg = Release|Win32
		{B12702AD-ABFB-343A-A199-8E24837244A3}.RelWithDebInfo|x86.Build.0 = Release|Win32
		{9F9E6AEC-2542-49CC-A1D4-28283EB35BEC}.Debug|x64.ActiveCfg = Debug|x64
		{9F9E6AEC-2542-49CC-A1D4-28283EB35BEC}.Debug|x64.Build.0 = Debug|x64
		{9F9E6AEC-2542-49CC-A1D4-28283EB35BEC}.Debug|x86.ActiveCfg = Debug|Win32
		{9F9E6AEC-2542-49CC-A1D4-28283EB35BEC}.Debug|x86.Build.0 = Debug|Win32
		{9F9E6AEC-2542-49CC-A1D4-28283EB35BEC}.MinSizeRel|x64.ActiveCfg = Release|x64
		{9F9E6AEC-2542-49CC-A1D4-28283EB35BEC}.MinSizeRel|x64.Build.0 = Release|x64
		{9F9E6AEC-2542-49CC-A1D4-28283EB35BEC}.MinSizeRel|x86.ActiveCfg = Release|Win32
		{9F9E6AEC-2542-49CC-A1D4-28283EB35BEC}.MinSizeRel|x86.Build.0 = Release|Win32
		{9F9E6AEC-2542-49CC-A1D4-28283EB35BEC}.Release|x64.ActiveCfg = Release|x64
		{9F9E6AEC-2542-49CC-A1D4-28283EB35BEC}.Release|x64.Build.0 = Release|x64
		{9F9E6AEC-2542-49CC-A1D4-28283EB35BEC}.Release|x86.ActiveCfg = Release|Win32
		{9F9E6AEC-2542-49CC-A1D4-28283EB35BEC}.Release|x86.Build.0 = Release|Win32
		{9F9E6AEC-2542-49CC-A1D4-28283EB35BEC}.RelWithDebInfo|x64.ActiveCfg = Release|x64
		{9F9E6AEC-2542-49CC-A1D4-28283EB35BEC}.RelWithDebInfo|x64.Build.0 = Release|x64
		{9F9E6AEC-2542-49CC-A1D4-28283EB35BEC}.RelWithDebInfo|x86.ActiveCfg = Release|Win32
		{9F9E6AEC-2542-49CC-A1D4-28283EB35BEC}.RelWithDebInfo|x86.Build.0 = Release|Win32
		{52B5F1C7-7C33-4BF3-9377-560555BB6969}.Debug|x64.ActiveCfg = Debug|x64
		{52B5F1C7-7C33-4BF3-9377-560555BB6969}.Debug|x64.Build.0 = Debug|x64
		{52B5F1C7-7C33-4BF3-9377-560555BB6969}.Debug|x86.ActiveCfg = Debug|Win32
		{52B5F1C7-7C33-4BF3-9377-560555BB6969}.Debug|x86.Build.0 = Debug|Win32
		{52B5F1C7-7C33-4BF3-9377-560555BB6969}.MinSizeRel|x64.ActiveCfg = Release|x64
		{52B5F1C7-7C33-4BF3-9377-560555BB6969}.MinSizeRel|x64.Build.0 = Release|x64
		{52B5F1C7-7C33-4BF3-9377-560555BB6969}.MinSizeRel|x86.ActiveCfg = Release|Win32
		{52B5F1C7-7C33-4BF3-9377-560555BB6969}.MinSizeRel|x86.Build.0 = Release|Win32
		{52B5F1C7-7C33-4BF3-9377-560555BB6969}.Release|x64.ActiveCfg = Release|x64
		{52B5F1C7-7C33-4BF3-9377-560555BB6969}.Release|x64.Build.0 = Release|x64
		{52B5F1C7-7C33-4BF3-9377-560555BB6969}.Release|x86.ActiveCfg = Release|Win32
		{52B5F1C7-7C33-4BF3-9377-560555BB6969}.Release|x86.Build.0 = Release|Win32
		{52B5F1C7-7C33-4BF3-9377-560555BB6969}.RelWithDebInfo|x64.ActiveCfg = Release|x64
		{52B5F1C7-7C33-4BF3-9377-560555BB6969}.RelWithDebInfo|x64.Build.0 = Release|x64
		{52B5F1C7-7C33-4BF3-9377-560555BB6969}.RelWithDebInfo|x86.ActiveCfg = Release|Win32
		{52B5F1C7-7C33-4BF3-9377-560555BB6969}.RelWithDebInfo|x86.Build.0 = Release|Win32
		{BFBC0412-0355-479E-9F89-4FB0509EE8FC}.Debug|x64.ActiveCfg = Debug|x64
		{BFBC0412-0355-479E-9F89-4FB0509EE8FC}.Debug|x64.Build.0 = Debug|x64
		{BFBC0412-0355-479E-9F89-4FB0509EE8FC}.Debug|x86.ActiveCfg = Debug|Win32
		{BFBC0412-0355-479E-9F89-4FB0509EE8FC}.Debug|x86.Build.0 = Debug|Win32
		{BFBC0412-0355-479E-9F89-4FB0509EE8FC}.MinSizeRel|x64.ActiveCfg = Release|x64
		{BFBC0412-0355-479E-9F89-4FB0509EE8FC}.MinSizeRel|x64.Build.0 = Release|x64
		{BFBC0412-0355-479E-9F89-4FB0509EE8FC}.MinSizeRel|x86.ActiveCfg = Release|Win32
		{BFBC0412-0355-479E-9F89-4FB0509EE8FC}.MinSizeRel|x86.Build.0 = Release|Win32
		{BFBC0412-0355-479E-9F89-4FB0509EE8FC}.Release|x64.ActiveCfg = Release|x64
		{BFBC0412-0355-479E-9F89-4FB0509EE8FC}.Release|x64.Build.0 = Release|x64
		{BFBC0412-0355-479E-9F89-4FB0509EE8FC}.Release|x86.ActiveCfg = Release|Win32
		{BFBC0412-0355-479E-9F89-4FB0509EE8FC}.Release|x86.Build.0 = Release|Win32
		{BFBC0412-0355-479E-9F89-4FB0509EE8FC}.RelWithDebInfo|x64.ActiveCfg = Release|x64
		{BFBC0412-0355-479E-9F89-4FB0509EE8FC}.RelWithDebInfo|x64.Build.0 = Release|x64
		{BFBC0412-0355-479E-9F89-4FB0509EE8FC}.RelWithDebInfo|x86.ActiveCfg = Release|Win32
		{BFBC0412-0355-479E-9F89-4FB0509EE8FC}.RelWithDebInfo|x86.Build.0 = Release|Win32
		{DA517523-296E-4A41-9E65-6D35FD0DEF46}.Debug|x64.ActiveCfg = Debug|x64
		{DA517523-296E-4A41-9E65-6D35FD0DEF46}.Debug|x64.Build.0 = Debug|x64
		{DA517523-296E-4A41-9E65-6D35FD0DEF46}.Debug|x86.ActiveCfg = Debug|Win32
		{DA517523-296E-4A41-9E65-6D35FD0DEF46}.Debug|x86.Build.0 = Debug|Win32
		{DA517523-296E-4A41-9E65-6D35FD0DEF46}.MinSizeRel|x64.ActiveCfg = Release|x64
		{DA517523-296E-4A41-9E65-6D35FD0DEF46}.MinSizeRel|x64.Build.0 = Release|x64
		{DA517523-296E-4A41-9E65-6D35FD0DEF46}.MinSizeRel|x86.ActiveCfg = Release|Win32
		{DA517523-296E-4A41-9E65-6D35FD0DEF46}.MinSizeRel|x86.Build.0 = Release|Win32
		{DA517523-296E-4A41-9E65-6D35FD0DEF46}.Release|x64.ActiveCfg = Release|x64
		{DA517523-296E-4A41-9E65-6D35FD0DEF46}.Release|x64.Build.0 = Release|x64
		{DA517523-296E-4A41-9E65-6D35FD0DEF46}.Release|x86.ActiveCfg = Release|Win32
		{DA517523-296E-4A41-9E65-6D35FD0DEF46}.Release|x86.Build.0 = Release|Win32
		{DA517523-296E-4A41-9E65-6D35FD0DEF46}.RelWithDebInfo|x64.ActiveCfg = Release|x64
		{DA517523-296E-4A41-9E65-6D35FD0DEF46}.RelWithDebInfo|x64.Build.0 = Release|x64
		{DA517523-296E-4A41-9E65-6D35FD0DEF46}.RelWithDebInfo|x86.ActiveCfg = Release|Win32
		{DA517523-296E-4A41-9E65-6D35FD0DEF46}.RelWithDebInfo|x86.Build.0 = Release|Win32
	EndGlobalSection
	GlobalSection(SolutionProperties) = preSolution
		HideSolutionNode = FALSE
	EndGlobalSection
	GlobalSection(ExtensibilityGlobals) = postSolution
		SolutionGuid = {8BF06911-8A18-46B4-B486-AF57D7258BFA}
	EndGlobalSection
EndGlobal
