
Microsoft Visual Studio Solution File, Format Version 12.00
# Visual Studio 15
VisualStudioVersion = 15.0.27703.2035
MinimumVisualStudioVersion = 10.0.40219.1
Project("{8BC9CEB8-8B4A-11D0-8D11-00A0C91BC942}") = "hidapi", "libs\thirdparty\hidapi\hidapi.vcxproj", "{C1D2D6BF-CDF7-4BF1-8356-75E07AA0E303}"
EndProject
Project("{8BC9CEB8-8B4A-11D0-8D11-00A0C91BC942}") = "update", "libs\update\Winsupdate.vcxproj", "{5D00D27C-7733-497F-955E-BB9716E78F44}"
	ProjectSection(ProjectDependencies) = postProject
		{D3D82A73-7D38-4A65-8EC5-C843E79737DE} = {D3D82A73-7D38-4A65-8EC5-C843E79737DE}
	EndProjectSection
EndProject
Project("{8BC9CEB8-8B4A-11D0-8D11-00A0C91BC942}") = "rfidreader", "libs\rfidreader\rfidreader.vcxproj", "{1069FDE9-9048-4940-B849-0379EBF72671}"
EndProject
Project("{8BC9CEB8-8B4A-11D0-8D11-00A0C91BC942}") = "rdao", "libs\rdao\rdao.vcxproj", "{D3D82A73-7D38-4A65-8EC5-C843E79737DE}"
	ProjectSection(ProjectDependencies) = postProject
		{2D5911B3-CD42-4186-AD11-B352E18472FC} = {2D5911B3-CD42-4186-AD11-B352E18472FC}
	EndProjectSection
EndProject
Project("{8BC9CEB8-8B4A-11D0-8D11-00A0C91BC942}") = "rcore", "libs\rcore\rcore.vcxproj", "{2D5911B3-CD42-4186-AD11-B352E18472FC}"
EndProject
Project("{8BC9CEB8-8B4A-11D0-8D11-00A0C91BC942}") = "itrac", "app\itrac\itrac.vcxproj", "{B12702AD-ABFB-343A-A199-8E24837244A3}"
	ProjectSection(ProjectDependencies) = postProject
		{BFBC0412-0355-479E-9F89-4FB0509EE8FC} = {BFBC0412-0355-479E-9F89-4FB0509EE8FC}
		{DA517523-296E-4A41-9E65-6D35FD0DEF46} = {DA517523-296E-4A41-9E65-6D35FD0DEF46}
		{727D954D-244E-4DA5-9C68-2EA91DA502B2} = {727D954D-244E-4DA5-9C68-2EA91DA502B2}
		{D3D82A73-7D38-4A65-8EC5-C843E79737DE} = {D3D82A73-7D38-4A65-8EC5-C843E79737DE}
		{2D5911B3-CD42-4186-AD11-B352E18472FC} = {2D5911B3-CD42-4186-AD11-B352E18472FC}
		{C1D2D6BF-CDF7-4BF1-8356-75E07AA0E303} = {C1D2D6BF-CDF7-4BF1-8356-75E07AA0E303}
		{52B5F1C7-7C33-4BF3-9377-560555BB6969} = {52B5F1C7-7C33-4BF3-9377-560555BB6969}
		{1069FDE9-9048-4940-B849-0379EBF72671} = {1069FDE9-9048-4940-B849-0379EBF72671}
		{9F9E6AEC-2542-49CC-A1D4-28283EB35BEC} = {9F9E6AEC-2542-49CC-A1D4-28283EB35BEC}
	EndProjectSection
EndProject
Project("{8BC9CEB8-8B4A-11D0-8D11-00A0C91BC942}") = "xui", "libs\xui\xui.vcxproj", "{DA517523-296E-4A41-9E65-6D35FD0DEF46}"
EndProject
Project("{8BC9CEB8-8B4A-11D0-8D11-00A0C91BC942}") = "xernel", "libs\xernel\xernel.vcxproj", "{BFBC0412-0355-479E-9F89-4FB0509EE8FC}"
EndProject
Project("{8BC9CEB8-8B4A-11D0-8D11-00A0C91BC942}") = "qscanner", "libs\qscanner\qscanner.vcxproj", "{52B5F1C7-7C33-4BF3-9377-560555BB6969}"
EndProject
Project("{8BC9CEB8-8B4A-11D0-8D11-00A0C91BC942}") = "qjson", "libs\thirdparty\qjson\qjson.vcxproj", "{9F9E6AEC-2542-49CC-A1D4-28283EB35BEC}"
EndProject
Project("{8BC9CEB8-8B4A-11D0-8D11-00A0C91BC942}") = "printer", "libs\printer\printer.vcxproj", "{727D954D-244E-4DA5-9C68-2EA91DA502B2}"
EndProject
Project("{8BC9CEB8-8B4A-11D0-8D11-00A0C91BC942}") = "ortrac", "app\ortrac\ortrac.vcxproj", "{B4F7C2C5-CEB0-4CC6-913C-76BE4E0A46EC}"
EndProject
Project("{8BC9CEB8-8B4A-11D0-8D11-00A0C91BC942}") = "des", "libs\des\des.vcxproj", "{F3C43B37-F178-4823-B385-F78210EE944F}"
EndProject
Project("{8BC9CEB8-8B4A-11D0-8D11-00A0C91BC942}") = "keygen", "libs\keygen\keygen.vcxproj", "{27FF53D0-AD4F-4996-AA57-7B5B5E326493}"
EndProject
Global
	GlobalSection(SolutionConfigurationPlatforms) = preSolution
		Debug|x64 = Debug|x64
		Debug|x86 = Debug|x86
		Release|x64 = Release|x64
		Release|x86 = Release|x86
	EndGlobalSection
	GlobalSection(ProjectConfigurationPlatforms) = postSolution
		{C1D2D6BF-CDF7-4BF1-8356-75E07AA0E303}.Debug|x64.ActiveCfg = Debug|x64
		{C1D2D6BF-CDF7-4BF1-8356-75E07AA0E303}.Debug|x64.Build.0 = Debug|x64
		{C1D2D6BF-CDF7-4BF1-8356-75E07AA0E303}.Debug|x86.ActiveCfg = Debug|Win32
		{C1D2D6BF-CDF7-4BF1-8356-75E07AA0E303}.Debug|x86.Build.0 = Debug|Win32
		{C1D2D6BF-CDF7-4BF1-8356-75E07AA0E303}.Release|x64.ActiveCfg = Release|x64
		{C1D2D6BF-CDF7-4BF1-8356-75E07AA0E303}.Release|x64.Build.0 = Release|x64
		{C1D2D6BF-CDF7-4BF1-8356-75E07AA0E303}.Release|x86.ActiveCfg = Release|Win32
		{C1D2D6BF-CDF7-4BF1-8356-75E07AA0E303}.Release|x86.Build.0 = Release|Win32
		{5D00D27C-7733-497F-955E-BB9716E78F44}.Debug|x64.ActiveCfg = Debug|Win32
		{5D00D27C-7733-497F-955E-BB9716E78F44}.Debug|x86.ActiveCfg = Debug|Win32
		{5D00D27C-7733-497F-955E-BB9716E78F44}.Release|x64.ActiveCfg = Release|Win32
		{5D00D27C-7733-497F-955E-BB9716E78F44}.Release|x86.ActiveCfg = Release|Win32
		{1069FDE9-9048-4940-B849-0379EBF72671}.Debug|x64.ActiveCfg = Debug|x64
		{1069FDE9-9048-4940-B849-0379EBF72671}.Debug|x64.Build.0 = Debug|x64
		{1069FDE9-9048-4940-B849-0379EBF72671}.Debug|x86.ActiveCfg = Debug|Win32
		{1069FDE9-9048-4940-B849-0379EBF72671}.Debug|x86.Build.0 = Debug|Win32
		{1069FDE9-9048-4940-B849-0379EBF72671}.Release|x64.ActiveCfg = Release|x64
		{1069FDE9-9048-4940-B849-0379EBF72671}.Release|x64.Build.0 = Release|x64
		{1069FDE9-9048-4940-B849-0379EBF72671}.Release|x86.ActiveCfg = Release|Win32
		{1069FDE9-9048-4940-B849-0379EBF72671}.Release|x86.Build.0 = Release|Win32
		{D3D82A73-7D38-4A65-8EC5-C843E79737DE}.Debug|x64.ActiveCfg = Debug|Win32
		{D3D82A73-7D38-4A65-8EC5-C843E79737DE}.Debug|x86.ActiveCfg = Debug|Win32
		{D3D82A73-7D38-4A65-8EC5-C843E79737DE}.Debug|x86.Build.0 = Debug|Win32
		{D3D82A73-7D38-4A65-8EC5-C843E79737DE}.Release|x64.ActiveCfg = Release|Win32
		{D3D82A73-7D38-4A65-8EC5-C843E79737DE}.Release|x86.ActiveCfg = Release|Win32
		{D3D82A73-7D38-4A65-8EC5-C843E79737DE}.Release|x86.Build.0 = Release|Win32
		{2D5911B3-CD42-4186-AD11-B352E18472FC}.Debug|x64.ActiveCfg = Debug|Win32
		{2D5911B3-CD42-4186-AD11-B352E18472FC}.Debug|x86.ActiveCfg = Debug|Win32
		{2D5911B3-CD42-4186-AD11-B352E18472FC}.Debug|x86.Build.0 = Debug|Win32
		{2D5911B3-CD42-4186-AD11-B352E18472FC}.Release|x64.ActiveCfg = Release|Win32
		{2D5911B3-CD42-4186-AD11-B352E18472FC}.Release|x86.ActiveCfg = Release|Win32
		{2D5911B3-CD42-4186-AD11-B352E18472FC}.Release|x86.Build.0 = Release|Win32
		{B12702AD-ABFB-343A-A199-8E24837244A3}.Debug|x64.ActiveCfg = Debug|x64
		{B12702AD-ABFB-343A-A199-8E24837244A3}.Debug|x64.Build.0 = Debug|x64
		{B12702AD-ABFB-343A-A199-8E24837244A3}.Debug|x86.ActiveCfg = Debug|Win32
		{B12702AD-ABFB-343A-A199-8E24837244A3}.Debug|x86.Build.0 = Debug|Win32
		{B12702AD-ABFB-343A-A199-8E24837244A3}.Release|x64.ActiveCfg = Release|x64
		{B12702AD-ABFB-343A-A199-8E24837244A3}.Release|x64.Build.0 = Release|x64
		{B12702AD-ABFB-343A-A199-8E24837244A3}.Release|x86.ActiveCfg = Release|Win32
		{B12702AD-ABFB-343A-A199-8E24837244A3}.Release|x86.Build.0 = Release|Win32
		{DA517523-296E-4A41-9E65-6D35FD0DEF46}.Debug|x64.ActiveCfg = Debug|x64
		{DA517523-296E-4A41-9E65-6D35FD0DEF46}.Debug|x64.Build.0 = Debug|x64
		{DA517523-296E-4A41-9E65-6D35FD0DEF46}.Debug|x86.ActiveCfg = Debug|Win32
		{DA517523-296E-4A41-9E65-6D35FD0DEF46}.Debug|x86.Build.0 = Debug|Win32
		{DA517523-296E-4A41-9E65-6D35FD0DEF46}.Release|x64.ActiveCfg = Release|x64
		{DA517523-296E-4A41-9E65-6D35FD0DEF46}.Release|x64.Build.0 = Release|x64
		{DA517523-296E-4A41-9E65-6D35FD0DEF46}.Release|x86.ActiveCfg = Release|Win32
		{DA517523-296E-4A41-9E65-6D35FD0DEF46}.Release|x86.Build.0 = Release|Win32
		{BFBC0412-0355-479E-9F89-4FB0509EE8FC}.Debug|x64.ActiveCfg = Debug|x64
		{BFBC0412-0355-479E-9F89-4FB0509EE8FC}.Debug|x64.Build.0 = Debug|x64
		{BFBC0412-0355-479E-9F89-4FB0509EE8FC}.Debug|x86.ActiveCfg = Debug|Win32
		{BFBC0412-0355-479E-9F89-4FB0509EE8FC}.Debug|x86.Build.0 = Debug|Win32
		{BFBC0412-0355-479E-9F89-4FB0509EE8FC}.Release|x64.ActiveCfg = Release|x64
		{BFBC0412-0355-479E-9F89-4FB0509EE8FC}.Release|x64.Build.0 = Release|x64
		{BFBC0412-0355-479E-9F89-4FB0509EE8FC}.Release|x86.ActiveCfg = Release|Win32
		{BFBC0412-0355-479E-9F89-4FB0509EE8FC}.Release|x86.Build.0 = Release|Win32
		{52B5F1C7-7C33-4BF3-9377-560555BB6969}.Debug|x64.ActiveCfg = Debug|x64
		{52B5F1C7-7C33-4BF3-9377-560555BB6969}.Debug|x64.Build.0 = Debug|x64
		{52B5F1C7-7C33-4BF3-9377-560555BB6969}.Debug|x86.ActiveCfg = Debug|Win32
		{52B5F1C7-7C33-4BF3-9377-560555BB6969}.Debug|x86.Build.0 = Debug|Win32
		{52B5F1C7-7C33-4BF3-9377-560555BB6969}.Release|x64.ActiveCfg = Release|x64
		{52B5F1C7-7C33-4BF3-9377-560555BB6969}.Release|x64.Build.0 = Release|x64
		{52B5F1C7-7C33-4BF3-9377-560555BB6969}.Release|x86.ActiveCfg = Release|Win32
		{52B5F1C7-7C33-4BF3-9377-560555BB6969}.Release|x86.Build.0 = Release|Win32
		{9F9E6AEC-2542-49CC-A1D4-28283EB35BEC}.Debug|x64.ActiveCfg = Debug|x64
		{9F9E6AEC-2542-49CC-A1D4-28283EB35BEC}.Debug|x64.Build.0 = Debug|x64
		{9F9E6AEC-2542-49CC-A1D4-28283EB35BEC}.Debug|x86.ActiveCfg = Debug|Win32
		{9F9E6AEC-2542-49CC-A1D4-28283EB35BEC}.Debug|x86.Build.0 = Debug|Win32
		{9F9E6AEC-2542-49CC-A1D4-28283EB35BEC}.Release|x64.ActiveCfg = Release|x64
		{9F9E6AEC-2542-49CC-A1D4-28283EB35BEC}.Release|x64.Build.0 = Release|x64
		{9F9E6AEC-2542-49CC-A1D4-28283EB35BEC}.Release|x86.ActiveCfg = Release|Win32
		{9F9E6AEC-2542-49CC-A1D4-28283EB35BEC}.Release|x86.Build.0 = Release|Win32
		{727D954D-244E-4DA5-9C68-2EA91DA502B2}.Debug|x64.ActiveCfg = Debug|x64
		{727D954D-244E-4DA5-9C68-2EA91DA502B2}.Debug|x64.Build.0 = Debug|x64
		{727D954D-244E-4DA5-9C68-2EA91DA502B2}.Debug|x86.ActiveCfg = Debug|Win32
		{727D954D-244E-4DA5-9C68-2EA91DA502B2}.Debug|x86.Build.0 = Debug|Win32
		{727D954D-244E-4DA5-9C68-2EA91DA502B2}.Release|x64.ActiveCfg = Release|x64
		{727D954D-244E-4DA5-9C68-2EA91DA502B2}.Release|x64.Build.0 = Release|x64
		{727D954D-244E-4DA5-9C68-2EA91DA502B2}.Release|x86.ActiveCfg = Release|Win32
		{727D954D-244E-4DA5-9C68-2EA91DA502B2}.Release|x86.Build.0 = Release|Win32
		{B4F7C2C5-CEB0-4CC6-913C-76BE4E0A46EC}.Debug|x64.ActiveCfg = Debug|x64
		{B4F7C2C5-CEB0-4CC6-913C-76BE4E0A46EC}.Debug|x64.Build.0 = Debug|x64
		{B4F7C2C5-CEB0-4CC6-913C-76BE4E0A46EC}.Debug|x86.ActiveCfg = Debug|Win32
		{B4F7C2C5-CEB0-4CC6-913C-76BE4E0A46EC}.Release|x64.ActiveCfg = Release|x64
		{B4F7C2C5-CEB0-4CC6-913C-76BE4E0A46EC}.Release|x64.Build.0 = Release|x64
		{B4F7C2C5-CEB0-4CC6-913C-76BE4E0A46EC}.Release|x86.ActiveCfg = Release|Win32
		{F3C43B37-F178-4823-B385-F78210EE944F}.Debug|x64.ActiveCfg = Debug|x64
		{F3C43B37-F178-4823-B385-F78210EE944F}.Debug|x64.Build.0 = Debug|x64
		{F3C43B37-F178-4823-B385-F78210EE944F}.Debug|x86.ActiveCfg = Debug|Win32
		{F3C43B37-F178-4823-B385-F78210EE944F}.Debug|x86.Build.0 = Debug|Win32
		{F3C43B37-F178-4823-B385-F78210EE944F}.Release|x64.ActiveCfg = Release|x64
		{F3C43B37-F178-4823-B385-F78210EE944F}.Release|x64.Build.0 = Release|x64
		{F3C43B37-F178-4823-B385-F78210EE944F}.Release|x86.ActiveCfg = Release|Win32
		{F3C43B37-F178-4823-B385-F78210EE944F}.Release|x86.Build.0 = Release|Win32
		{27FF53D0-AD4F-4996-AA57-7B5B5E326493}.Debug|x64.ActiveCfg = Debug|Win32
		{27FF53D0-AD4F-4996-AA57-7B5B5E326493}.Debug|x86.ActiveCfg = Debug|Win32
		{27FF53D0-AD4F-4996-AA57-7B5B5E326493}.Debug|x86.Build.0 = Debug|Win32
		{27FF53D0-AD4F-4996-AA57-7B5B5E326493}.Release|x64.ActiveCfg = Release|Win32
		{27FF53D0-AD4F-4996-AA57-7B5B5E326493}.Release|x86.ActiveCfg = Release|Win32
		{27FF53D0-AD4F-4996-AA57-7B5B5E326493}.Release|x86.Build.0 = Release|Win32
	EndGlobalSection
	GlobalSection(SolutionProperties) = preSolution
		HideSolutionNode = FALSE
	EndGlobalSection
	GlobalSection(ExtensibilityGlobals) = postSolution
		SolutionGuid = {8BF06911-8A18-46B4-B486-AF57D7258BFA}
	EndGlobalSection
EndGlobal
